
Microsoft Visual Studio Solution File, Format Version 12.00
# Visual Studio 15
VisualStudioVersion = 15.0.26124.0
MinimumVisualStudioVersion = 15.0.26124.0
Project("{FAE04EC0-301F-11D3-BF4B-00C04F79EFBC}") = "SPSX.CORE.FMEA", "SPSX.CORE.FMEA\SPSX.CORE.FMEA.csproj", "{A560AE17-D313-4811-9D47-702A43BECE07}"
EndProject
Project("{FAE04EC0-301F-11D3-BF4B-00C04F79EFBC}") = "SPSX.CORE.FMEA.API", "SPSX.CORE.FMEA.API\SPSX.CORE.FMEA.API.csproj", "{904B442E-9044-4157-8574-4B13B91D5DB6}"
EndProject
Project("{FAE04EC0-301F-11D3-BF4B-00C04F79EFBC}") = "SPSX.CORE.FMEA.TESTS", "SPSX.CORE.FMEA.TESTS\SPSX.CORE.FMEA.TESTS.csproj", "{5C5ED529-5616-4527-879E-464478721B84}"
EndProject
Project("{FAE04EC0-301F-11D3-BF4B-00C04F79EFBC}") = "SPSX.CORE.FMEA.DA", "SPSX.CORE.FMEA.DA\SPSX.CORE.FMEA.DA.csproj", "{6C0CA9A9-E9F6-4C89-B1DB-CD68BEDCD475}"
EndProject
Project("{FAE04EC0-301F-11D3-BF4B-00C04F79EFBC}") = "SPSX.CORE.FMEA.COMMON", "SPSX.CORE.FMEA.COMMON\SPSX.CORE.FMEA.COMMON.csproj", "{C30F1315-AA06-4430-B5B3-EA2581A517F2}"
EndProject
Global
	GlobalSection(SolutionConfigurationPlatforms) = preSolution
		Debug|Any CPU = Debug|Any CPU
		Debug|x64 = Debug|x64
		Debug|x86 = Debug|x86
		Release|Any CPU = Release|Any CPU
		Release|x64 = Release|x64
		Release|x86 = Release|x86
	EndGlobalSection
	GlobalSection(SolutionProperties) = preSolution
		HideSolutionNode = FALSE
	EndGlobalSection
	GlobalSection(ProjectConfigurationPlatforms) = postSolution
		{A560AE17-D313-4811-9D47-702A43BECE07}.Debug|Any CPU.ActiveCfg = Debug|Any CPU
		{A560AE17-D313-4811-9D47-702A43BECE07}.Debug|Any CPU.Build.0 = Debug|Any CPU
		{A560AE17-D313-4811-9D47-702A43BECE07}.Debug|x64.ActiveCfg = Debug|Any CPU
		{A560AE17-D313-4811-9D47-702A43BECE07}.Debug|x64.Build.0 = Debug|Any CPU
		{A560AE17-D313-4811-9D47-702A43BECE07}.Debug|x86.ActiveCfg = Debug|Any CPU
		{A560AE17-D313-4811-9D47-702A43BECE07}.Debug|x86.Build.0 = Debug|Any CPU
		{A560AE17-D313-4811-9D47-702A43BECE07}.Release|Any CPU.ActiveCfg = Release|Any CPU
		{A560AE17-D313-4811-9D47-702A43BECE07}.Release|Any CPU.Build.0 = Release|Any CPU
		{A560AE17-D313-4811-9D47-702A43BECE07}.Release|x64.ActiveCfg = Release|Any CPU
		{A560AE17-D313-4811-9D47-702A43BECE07}.Release|x64.Build.0 = Release|Any CPU
		{A560AE17-D313-4811-9D47-702A43BECE07}.Release|x86.ActiveCfg = Release|Any CPU
		{A560AE17-D313-4811-9D47-702A43BECE07}.Release|x86.Build.0 = Release|Any CPU
		{904B442E-9044-4157-8574-4B13B91D5DB6}.Debug|Any CPU.ActiveCfg = Debug|Any CPU
		{904B442E-9044-4157-8574-4B13B91D5DB6}.Debug|Any CPU.Build.0 = Debug|Any CPU
		{904B442E-9044-4157-8574-4B13B91D5DB6}.Debug|x64.ActiveCfg = Debug|Any CPU
		{904B442E-9044-4157-8574-4B13B91D5DB6}.Debug|x64.Build.0 = Debug|Any CPU
		{904B442E-9044-4157-8574-4B13B91D5DB6}.Debug|x86.ActiveCfg = Debug|Any CPU
		{904B442E-9044-4157-8574-4B13B91D5DB6}.Debug|x86.Build.0 = Debug|Any CPU
		{904B442E-9044-4157-8574-4B13B91D5DB6}.Release|Any CPU.ActiveCfg = Release|Any CPU
		{904B442E-9044-4157-8574-4B13B91D5DB6}.Release|Any CPU.Build.0 = Release|Any CPU
		{904B442E-9044-4157-8574-4B13B91D5DB6}.Release|x64.ActiveCfg = Release|Any CPU
		{904B442E-9044-4157-8574-4B13B91D5DB6}.Release|x64.Build.0 = Release|Any CPU
		{904B442E-9044-4157-8574-4B13B91D5DB6}.Release|x86.ActiveCfg = Release|Any CPU
		{904B442E-9044-4157-8574-4B13B91D5DB6}.Release|x86.Build.0 = Release|Any CPU
		{5C5ED529-5616-4527-879E-464478721B84}.Debug|Any CPU.ActiveCfg = Debug|Any CPU
		{5C5ED529-5616-4527-879E-464478721B84}.Debug|Any CPU.Build.0 = Debug|Any CPU
		{5C5ED529-5616-4527-879E-464478721B84}.Debug|x64.ActiveCfg = Debug|Any CPU
		{5C5ED529-5616-4527-879E-464478721B84}.Debug|x64.Build.0 = Debug|Any CPU
		{5C5ED529-5616-4527-879E-464478721B84}.Debug|x86.ActiveCfg = Debug|Any CPU
		{5C5ED529-5616-4527-879E-464478721B84}.Debug|x86.Build.0 = Debug|Any CPU
		{5C5ED529-5616-4527-879E-464478721B84}.Release|Any CPU.ActiveCfg = Release|Any CPU
		{5C5ED529-5616-4527-879E-464478721B84}.Release|Any CPU.Build.0 = Release|Any CPU
		{5C5ED529-5616-4527-879E-464478721B84}.Release|x64.ActiveCfg = Release|Any CPU
		{5C5ED529-5616-4527-879E-464478721B84}.Release|x64.Build.0 = Release|Any CPU
		{5C5ED529-5616-4527-879E-464478721B84}.Release|x86.ActiveCfg = Release|Any CPU
		{5C5ED529-5616-4527-879E-464478721B84}.Release|x86.Build.0 = Release|Any CPU
		{6C0CA9A9-E9F6-4C89-B1DB-CD68BEDCD475}.Debug|Any CPU.ActiveCfg = Debug|Any CPU
		{6C0CA9A9-E9F6-4C89-B1DB-CD68BEDCD475}.Debug|Any CPU.Build.0 = Debug|Any CPU
		{6C0CA9A9-E9F6-4C89-B1DB-CD68BEDCD475}.Debug|x64.ActiveCfg = Debug|Any CPU
		{6C0CA9A9-E9F6-4C89-B1DB-CD68BEDCD475}.Debug|x64.Build.0 = Debug|Any CPU
		{6C0CA9A9-E9F6-4C89-B1DB-CD68BEDCD475}.Debug|x86.ActiveCfg = Debug|Any CPU
		{6C0CA9A9-E9F6-4C89-B1DB-CD68BEDCD475}.Debug|x86.Build.0 = Debug|Any CPU
		{6C0CA9A9-E9F6-4C89-B1DB-CD68BEDCD475}.Release|Any CPU.ActiveCfg = Release|Any CPU
		{6C0CA9A9-E9F6-4C89-B1DB-CD68BEDCD475}.Release|Any CPU.Build.0 = Release|Any CPU
		{6C0CA9A9-E9F6-4C89-B1DB-CD68BEDCD475}.Release|x64.ActiveCfg = Release|Any CPU
		{6C0CA9A9-E9F6-4C89-B1DB-CD68BEDCD475}.Release|x64.Build.0 = Release|Any CPU
		{6C0CA9A9-E9F6-4C89-B1DB-CD68BEDCD475}.Release|x86.ActiveCfg = Release|Any CPU
		{6C0CA9A9-E9F6-4C89-B1DB-CD68BEDCD475}.Release|x86.Build.0 = Release|Any CPU
		{A66C18DB-F030-48CC-B0E6-F10A2A476108}.Debug|Any CPU.ActiveCfg = Debug|Any CPU
		{A66C18DB-F030-48CC-B0E6-F10A2A476108}.Debug|Any CPU.Build.0 = Debug|Any CPU
		{A66C18DB-F030-48CC-B0E6-F10A2A476108}.Debug|x64.ActiveCfg = Debug|Any CPU
		{A66C18DB-F030-48CC-B0E6-F10A2A476108}.Debug|x64.Build.0 = Debug|Any CPU
		{A66C18DB-F030-48CC-B0E6-F10A2A476108}.Debug|x86.ActiveCfg = Debug|Any CPU
		{A66C18DB-F030-48CC-B0E6-F10A2A476108}.Debug|x86.Build.0 = Debug|Any CPU
		{A66C18DB-F030-48CC-B0E6-F10A2A476108}.Release|Any CPU.ActiveCfg = Release|Any CPU
		{A66C18DB-F030-48CC-B0E6-F10A2A476108}.Release|Any CPU.Build.0 = Release|Any CPU
		{A66C18DB-F030-48CC-B0E6-F10A2A476108}.Release|x64.ActiveCfg = Release|Any CPU
		{A66C18DB-F030-48CC-B0E6-F10A2A476108}.Release|x64.Build.0 = Release|Any CPU
		{A66C18DB-F030-48CC-B0E6-F10A2A476108}.Release|x86.ActiveCfg = Release|Any CPU
		{A66C18DB-F030-48CC-B0E6-F10A2A476108}.Release|x86.Build.0 = Release|Any CPU
		{C30F1315-AA06-4430-B5B3-EA2581A517F2}.Debug|Any CPU.ActiveCfg = Debug|Any CPU
		{C30F1315-AA06-4430-B5B3-EA2581A517F2}.Debug|Any CPU.Build.0 = Debug|Any CPU
		{C30F1315-AA06-4430-B5B3-EA2581A517F2}.Debug|x64.ActiveCfg = Debug|Any CPU
		{C30F1315-AA06-4430-B5B3-EA2581A517F2}.Debug|x64.Build.0 = Debug|Any CPU
		{C30F1315-AA06-4430-B5B3-EA2581A517F2}.Debug|x86.ActiveCfg = Debug|Any CPU
		{C30F1315-AA06-4430-B5B3-EA2581A517F2}.Debug|x86.Build.0 = Debug|Any CPU
		{C30F1315-AA06-4430-B5B3-EA2581A517F2}.Release|Any CPU.ActiveCfg = Release|Any CPU
		{C30F1315-AA06-4430-B5B3-EA2581A517F2}.Release|Any CPU.Build.0 = Release|Any CPU
		{C30F1315-AA06-4430-B5B3-EA2581A517F2}.Release|x64.ActiveCfg = Release|Any CPU
		{C30F1315-AA06-4430-B5B3-EA2581A517F2}.Release|x64.Build.0 = Release|Any CPU
		{C30F1315-AA06-4430-B5B3-EA2581A517F2}.Release|x86.ActiveCfg = Release|Any CPU
		{C30F1315-AA06-4430-B5B3-EA2581A517F2}.Release|x86.Build.0 = Release|Any CPU
	EndGlobalSection
EndGlobal
